
Microsoft Visual Studio Solution File, Format Version 12.00
# Visual Studio Version 16
VisualStudioVersion = 16.0.30114.105
MinimumVisualStudioVersion = 10.0.40219.1
Project("{FAE04EC0-301F-11D3-BF4B-00C04F79EFBC}") = "TRANSPORTADORA", "TRANSPORTADORA\TRANSPORTADORA.csproj", "{5D70CE6C-63F4-4B12-993C-29B509B88695}"
EndProject
Global
	GlobalSection(SolutionConfigurationPlatforms) = preSolution
		Debug|Any CPU = Debug|Any CPU
		Release|Any CPU = Release|Any CPU
	EndGlobalSection
	GlobalSection(ProjectConfigurationPlatforms) = postSolution
		{5D70CE6C-63F4-4B12-993C-29B509B88695}.Debug|Any CPU.ActiveCfg = Debug|Any CPU
		{5D70CE6C-63F4-4B12-993C-29B509B88695}.Debug|Any CPU.Build.0 = Debug|Any CPU
		{5D70CE6C-63F4-4B12-993C-29B509B88695}.Release|Any CPU.ActiveCfg = Release|Any CPU
		{5D70CE6C-63F4-4B12-993C-29B509B88695}.Release|Any CPU.Build.0 = Release|Any CPU
	EndGlobalSection
	GlobalSection(SolutionProperties) = preSolution
		HideSolutionNode = FALSE
	EndGlobalSection
	GlobalSection(ExtensibilityGlobals) = postSolution
		SolutionGuid = {DC442AD3-514F-4977-A09F-B5E986212A16}
	EndGlobalSection
EndGlobal
